// !$*UTF8*$!
{
	archiveVersion = 1;
	classes = {
	};
	objectVersion = 46;
	objects = {

/* Begin PBXBuildFile section */
		3ED4D8061AE0DAF3008FA4D9 /* AppDelegate.swift in Sources */ = {isa = PBXBuildFile; fileRef = 3ED4D8051AE0DAF3008FA4D9 /* AppDelegate.swift */; };
		3ED4D8081AE0DAF3008FA4D9 /* ViewController.swift in Sources */ = {isa = PBXBuildFile; fileRef = 3ED4D8071AE0DAF3008FA4D9 /* ViewController.swift */; };
		3ED4D80B1AE0DAF3008FA4D9 /* Main.storyboard in Resources */ = {isa = PBXBuildFile; fileRef = 3ED4D8091AE0DAF3008FA4D9 /* Main.storyboard */; };
		3ED4D80D1AE0DAF3008FA4D9 /* Images.xcassets in Resources */ = {isa = PBXBuildFile; fileRef = 3ED4D80C1AE0DAF3008FA4D9 /* Images.xcassets */; };
		3ED4D8101AE0DAF3008FA4D9 /* LaunchScreen.xib in Resources */ = {isa = PBXBuildFile; fileRef = 3ED4D80E1AE0DAF3008FA4D9 /* LaunchScreen.xib */; };
		3ED4D81C1AE0DAF3008FA4D9 /* SnapSwiftTests.swift in Sources */ = {isa = PBXBuildFile; fileRef = 3ED4D81B1AE0DAF3008FA4D9 /* SnapSwiftTests.swift */; };
		3ED4D8281AE0DB4E008FA4D9 /* SnapSwift.swift in Sources */ = {isa = PBXBuildFile; fileRef = 3ED4D8271AE0DB4E008FA4D9 /* SnapSwift.swift */; };
		BE80EB681AE370B20028C414 /* SnapSwiftContentViewController.swift in Sources */ = {isa = PBXBuildFile; fileRef = BE80EB671AE370B20028C414 /* SnapSwiftContentViewController.swift */; };
		BEB126131AE2384900F368E7 /* SnapSwiftSupportingClasses.swift in Sources */ = {isa = PBXBuildFile; fileRef = BEB126121AE2384900F368E7 /* SnapSwiftSupportingClasses.swift */; };
/* End PBXBuildFile section */

/* Begin PBXContainerItemProxy section */
		3ED4D8161AE0DAF3008FA4D9 /* PBXContainerItemProxy */ = {
			isa = PBXContainerItemProxy;
			containerPortal = 3ED4D7F81AE0DAF3008FA4D9 /* Project object */;
			proxyType = 1;
			remoteGlobalIDString = 3ED4D7FF1AE0DAF3008FA4D9;
			remoteInfo = SnapSwift;
		};
/* End PBXContainerItemProxy section */

/* Begin PBXFileReference section */
		3ED4D8001AE0DAF3008FA4D9 /* SnapSwift.app */ = {isa = PBXFileReference; explicitFileType = wrapper.application; includeInIndex = 0; path = SnapSwift.app; sourceTree = BUILT_PRODUCTS_DIR; };
		3ED4D8041AE0DAF3008FA4D9 /* Info.plist */ = {isa = PBXFileReference; lastKnownFileType = text.plist.xml; path = Info.plist; sourceTree = "<group>"; };
		3ED4D8051AE0DAF3008FA4D9 /* AppDelegate.swift */ = {isa = PBXFileReference; lastKnownFileType = sourcecode.swift; path = AppDelegate.swift; sourceTree = "<group>"; };
		3ED4D8071AE0DAF3008FA4D9 /* ViewController.swift */ = {isa = PBXFileReference; lastKnownFileType = sourcecode.swift; path = ViewController.swift; sourceTree = "<group>"; };
		3ED4D80A1AE0DAF3008FA4D9 /* Base */ = {isa = PBXFileReference; lastKnownFileType = file.storyboard; name = Base; path = Base.lproj/Main.storyboard; sourceTree = "<group>"; };
		3ED4D80C1AE0DAF3008FA4D9 /* Images.xcassets */ = {isa = PBXFileReference; lastKnownFileType = folder.assetcatalog; path = Images.xcassets; sourceTree = "<group>"; };
		3ED4D80F1AE0DAF3008FA4D9 /* Base */ = {isa = PBXFileReference; lastKnownFileType = file.xib; name = Base; path = Base.lproj/LaunchScreen.xib; sourceTree = "<group>"; };
		3ED4D8151AE0DAF3008FA4D9 /* SnapSwiftTests.xctest */ = {isa = PBXFileReference; explicitFileType = wrapper.cfbundle; includeInIndex = 0; path = SnapSwiftTests.xctest; sourceTree = BUILT_PRODUCTS_DIR; };
		3ED4D81A1AE0DAF3008FA4D9 /* Info.plist */ = {isa = PBXFileReference; lastKnownFileType = text.plist.xml; path = Info.plist; sourceTree = "<group>"; };
		3ED4D81B1AE0DAF3008FA4D9 /* SnapSwiftTests.swift */ = {isa = PBXFileReference; lastKnownFileType = sourcecode.swift; path = SnapSwiftTests.swift; sourceTree = "<group>"; };
		3ED4D8271AE0DB4E008FA4D9 /* SnapSwift.swift */ = {isa = PBXFileReference; fileEncoding = 4; lastKnownFileType = sourcecode.swift; path = SnapSwift.swift; sourceTree = "<group>"; };
		BE06D19D1AE22ADD00316B53 /* Header.h */ = {isa = PBXFileReference; lastKnownFileType = sourcecode.c.h; path = Header.h; sourceTree = "<group>"; };
		BE80EB671AE370B20028C414 /* SnapSwiftContentViewController.swift */ = {isa = PBXFileReference; fileEncoding = 4; lastKnownFileType = sourcecode.swift; path = SnapSwiftContentViewController.swift; sourceTree = "<group>"; };
		BEB126121AE2384900F368E7 /* SnapSwiftSupportingClasses.swift */ = {isa = PBXFileReference; fileEncoding = 4; lastKnownFileType = sourcecode.swift; path = SnapSwiftSupportingClasses.swift; sourceTree = "<group>"; };
/* End PBXFileReference section */

/* Begin PBXFrameworksBuildPhase section */
		3ED4D7FD1AE0DAF3008FA4D9 /* Frameworks */ = {
			isa = PBXFrameworksBuildPhase;
			buildActionMask = 2147483647;
			files = (
			);
			runOnlyForDeploymentPostprocessing = 0;
		};
		3ED4D8121AE0DAF3008FA4D9 /* Frameworks */ = {
			isa = PBXFrameworksBuildPhase;
			buildActionMask = 2147483647;
			files = (
			);
			runOnlyForDeploymentPostprocessing = 0;
		};
/* End PBXFrameworksBuildPhase section */

/* Begin PBXGroup section */
		3ED4D7F71AE0DAF3008FA4D9 = {
			isa = PBXGroup;
			children = (
				3ED4D8021AE0DAF3008FA4D9 /* SnapSwift */,
				3ED4D8181AE0DAF3008FA4D9 /* SnapSwiftTests */,
				3ED4D8011AE0DAF3008FA4D9 /* Products */,
			);
			sourceTree = "<group>";
		};
		3ED4D8011AE0DAF3008FA4D9 /* Products */ = {
			isa = PBXGroup;
			children = (
				3ED4D8001AE0DAF3008FA4D9 /* SnapSwift.app */,
				3ED4D8151AE0DAF3008FA4D9 /* SnapSwiftTests.xctest */,
			);
			name = Products;
			sourceTree = "<group>";
		};
		3ED4D8021AE0DAF3008FA4D9 /* SnapSwift */ = {
			isa = PBXGroup;
			children = (
				3ED4D8251AE0DAFC008FA4D9 /* snapSwift */,
				3ED4D8051AE0DAF3008FA4D9 /* AppDelegate.swift */,
				3ED4D8071AE0DAF3008FA4D9 /* ViewController.swift */,
				3ED4D8091AE0DAF3008FA4D9 /* Main.storyboard */,
				3ED4D80C1AE0DAF3008FA4D9 /* Images.xcassets */,
				3ED4D80E1AE0DAF3008FA4D9 /* LaunchScreen.xib */,
				3ED4D8031AE0DAF3008FA4D9 /* Supporting Files */,
				BE06D19D1AE22ADD00316B53 /* Header.h */,
			);
			path = SnapSwift;
			sourceTree = "<group>";
		};
		3ED4D8031AE0DAF3008FA4D9 /* Supporting Files */ = {
			isa = PBXGroup;
			children = (
				3ED4D8041AE0DAF3008FA4D9 /* Info.plist */,
			);
			name = "Supporting Files";
			sourceTree = "<group>";
		};
		3ED4D8181AE0DAF3008FA4D9 /* SnapSwiftTests */ = {
			isa = PBXGroup;
			children = (
				3ED4D81B1AE0DAF3008FA4D9 /* SnapSwiftTests.swift */,
				3ED4D8191AE0DAF3008FA4D9 /* Supporting Files */,
			);
			path = SnapSwiftTests;
			sourceTree = "<group>";
		};
		3ED4D8191AE0DAF3008FA4D9 /* Supporting Files */ = {
			isa = PBXGroup;
			children = (
				3ED4D81A1AE0DAF3008FA4D9 /* Info.plist */,
			);
			name = "Supporting Files";
			sourceTree = "<group>";
		};
		3ED4D8251AE0DAFC008FA4D9 /* snapSwift */ = {
			isa = PBXGroup;
			children = (
				3ED4D8271AE0DB4E008FA4D9 /* SnapSwift.swift */,
				BEB126121AE2384900F368E7 /* SnapSwiftSupportingClasses.swift */,
				BE80EB671AE370B20028C414 /* SnapSwiftContentViewController.swift */,
			);
			name = snapSwift;
			sourceTree = "<group>";
		};
/* End PBXGroup section */

/* Begin PBXNativeTarget section */
		3ED4D7FF1AE0DAF3008FA4D9 /* SnapSwift */ = {
			isa = PBXNativeTarget;
			buildConfigurationList = 3ED4D81F1AE0DAF3008FA4D9 /* Build configuration list for PBXNativeTarget "SnapSwift" */;
			buildPhases = (
				3ED4D7FC1AE0DAF3008FA4D9 /* Sources */,
				3ED4D7FD1AE0DAF3008FA4D9 /* Frameworks */,
				3ED4D7FE1AE0DAF3008FA4D9 /* Resources */,
			);
			buildRules = (
			);
			dependencies = (
			);
			name = SnapSwift;
			productName = SnapSwift;
			productReference = 3ED4D8001AE0DAF3008FA4D9 /* SnapSwift.app */;
			productType = "com.apple.product-type.application";
		};
		3ED4D8141AE0DAF3008FA4D9 /* SnapSwiftTests */ = {
			isa = PBXNativeTarget;
			buildConfigurationList = 3ED4D8221AE0DAF3008FA4D9 /* Build configuration list for PBXNativeTarget "SnapSwiftTests" */;
			buildPhases = (
				3ED4D8111AE0DAF3008FA4D9 /* Sources */,
				3ED4D8121AE0DAF3008FA4D9 /* Frameworks */,
				3ED4D8131AE0DAF3008FA4D9 /* Resources */,
			);
			buildRules = (
			);
			dependencies = (
				3ED4D8171AE0DAF3008FA4D9 /* PBXTargetDependency */,
			);
			name = SnapSwiftTests;
			productName = SnapSwiftTests;
			productReference = 3ED4D8151AE0DAF3008FA4D9 /* SnapSwiftTests.xctest */;
			productType = "com.apple.product-type.bundle.unit-test";
		};
/* End PBXNativeTarget section */

/* Begin PBXProject section */
		3ED4D7F81AE0DAF3008FA4D9 /* Project object */ = {
			isa = PBXProject;
			attributes = {
				LastUpgradeCheck = 0630;
				ORGANIZATIONNAME = "Simon Gladman";
				TargetAttributes = {
					3ED4D7FF1AE0DAF3008FA4D9 = {
						CreatedOnToolsVersion = 6.3;
					};
					3ED4D8141AE0DAF3008FA4D9 = {
						CreatedOnToolsVersion = 6.3;
						TestTargetID = 3ED4D7FF1AE0DAF3008FA4D9;
					};
				};
			};
			buildConfigurationList = 3ED4D7FB1AE0DAF3008FA4D9 /* Build configuration list for PBXProject "SnapSwift" */;
			compatibilityVersion = "Xcode 3.2";
			developmentRegion = English;
			hasScannedForEncodings = 0;
			knownRegions = (
				en,
				Base,
			);
			mainGroup = 3ED4D7F71AE0DAF3008FA4D9;
			productRefGroup = 3ED4D8011AE0DAF3008FA4D9 /* Products */;
			projectDirPath = "";
			projectRoot = "";
			targets = (
				3ED4D7FF1AE0DAF3008FA4D9 /* SnapSwift */,
				3ED4D8141AE0DAF3008FA4D9 /* SnapSwiftTests */,
			);
		};
/* End PBXProject section */

/* Begin PBXResourcesBuildPhase section */
		3ED4D7FE1AE0DAF3008FA4D9 /* Resources */ = {
			isa = PBXResourcesBuildPhase;
			buildActionMask = 2147483647;
			files = (
				3ED4D80B1AE0DAF3008FA4D9 /* Main.storyboard in Resources */,
				3ED4D8101AE0DAF3008FA4D9 /* LaunchScreen.xib in Resources */,
				3ED4D80D1AE0DAF3008FA4D9 /* Images.xcassets in Resources */,
			);
			runOnlyForDeploymentPostprocessing = 0;
		};
		3ED4D8131AE0DAF3008FA4D9 /* Resources */ = {
			isa = PBXResourcesBuildPhase;
			buildActionMask = 2147483647;
			files = (
			);
			runOnlyForDeploymentPostprocessing = 0;
		};
/* End PBXResourcesBuildPhase section */

/* Begin PBXSourcesBuildPhase section */
		3ED4D7FC1AE0DAF3008FA4D9 /* Sources */ = {
			isa = PBXSourcesBuildPhase;
			buildActionMask = 2147483647;
			files = (
				3ED4D8081AE0DAF3008FA4D9 /* ViewController.swift in Sources */,
				3ED4D8281AE0DB4E008FA4D9 /* SnapSwift.swift in Sources */,
				BEB126131AE2384900F368E7 /* SnapSwiftSupportingClasses.swift in Sources */,
				3ED4D8061AE0DAF3008FA4D9 /* AppDelegate.swift in Sources */,
				BE80EB681AE370B20028C414 /* SnapSwiftContentViewController.swift in Sources */,
			);
			runOnlyForDeploymentPostprocessing = 0;
		};
		3ED4D8111AE0DAF3008FA4D9 /* Sources */ = {
			isa = PBXSourcesBuildPhase;
			buildActionMask = 2147483647;
			files = (
				3ED4D81C1AE0DAF3008FA4D9 /* SnapSwiftTests.swift in Sources */,
			);
			runOnlyForDeploymentPostprocessing = 0;
		};
/* End PBXSourcesBuildPhase section */

/* Begin PBXTargetDependency section */
		3ED4D8171AE0DAF3008FA4D9 /* PBXTargetDependency */ = {
			isa = PBXTargetDependency;
			target = 3ED4D7FF1AE0DAF3008FA4D9 /* SnapSwift */;
			targetProxy = 3ED4D8161AE0DAF3008FA4D9 /* PBXContainerItemProxy */;
		};
/* End PBXTargetDependency section */

/* Begin PBXVariantGroup section */
		3ED4D8091AE0DAF3008FA4D9 /* Main.storyboard */ = {
			isa = PBXVariantGroup;
			children = (
				3ED4D80A1AE0DAF3008FA4D9 /* Base */,
			);
			name = Main.storyboard;
			sourceTree = "<group>";
		};
		3ED4D80E1AE0DAF3008FA4D9 /* LaunchScreen.xib */ = {
			isa = PBXVariantGroup;
			children = (
				3ED4D80F1AE0DAF3008FA4D9 /* Base */,
			);
			name = LaunchScreen.xib;
			sourceTree = "<group>";
		};
/* End PBXVariantGroup section */

/* Begin XCBuildConfiguration section */
		3ED4D81D1AE0DAF3008FA4D9 /* Debug */ = {
			isa = XCBuildConfiguration;
			buildSettings = {
				ALWAYS_SEARCH_USER_PATHS = NO;
				CLANG_CXX_LANGUAGE_STANDARD = "gnu++0x";
				CLANG_CXX_LIBRARY = "libc++";
				CLANG_ENABLE_MODULES = YES;
				CLANG_ENABLE_OBJC_ARC = YES;
				CLANG_WARN_BOOL_CONVERSION = YES;
				CLANG_WARN_CONSTANT_CONVERSION = YES;
				CLANG_WARN_DIRECT_OBJC_ISA_USAGE = YES_ERROR;
				CLANG_WARN_EMPTY_BODY = YES;
				CLANG_WARN_ENUM_CONVERSION = YES;
				CLANG_WARN_INT_CONVERSION = YES;
				CLANG_WARN_OBJC_ROOT_CLASS = YES_ERROR;
				CLANG_WARN_UNREACHABLE_CODE = YES;
				CLANG_WARN__DUPLICATE_METHOD_MATCH = YES;
				"CODE_SIGN_IDENTITY[sdk=iphoneos*]" = "iPhone Developer";
				COPY_PHASE_STRIP = NO;
				DEBUG_INFORMATION_FORMAT = "dwarf-with-dsym";
				ENABLE_STRICT_OBJC_MSGSEND = YES;
				GCC_C_LANGUAGE_STANDARD = gnu99;
				GCC_DYNAMIC_NO_PIC = NO;
				GCC_NO_COMMON_BLOCKS = YES;
				GCC_OPTIMIZATION_LEVEL = 0;
				GCC_PREPROCESSOR_DEFINITIONS = (
					"DEBUG=1",
					"$(inherited)",
				);
				GCC_SYMBOLS_PRIVATE_EXTERN = NO;
				GCC_WARN_64_TO_32_BIT_CONVERSION = YES;
				GCC_WARN_ABOUT_RETURN_TYPE = YES_ERROR;
				GCC_WARN_UNDECLARED_SELECTOR = YES;
				GCC_WARN_UNINITIALIZED_AUTOS = YES_AGGRESSIVE;
				GCC_WARN_UNUSED_FUNCTION = YES;
				GCC_WARN_UNUSED_VARIABLE = YES;
				IPHONEOS_DEPLOYMENT_TARGET = 8.3;
				MTL_ENABLE_DEBUG_INFO = YES;
				ONLY_ACTIVE_ARCH = YES;
				SDKROOT = iphoneos;
				SWIFT_OBJC_BRIDGING_HEADER = ./SnapSwift/Header.h;
				SWIFT_OPTIMIZATION_LEVEL = "-Onone";
				TARGETED_DEVICE_FAMILY = "1,2";
			};
			name = Debug;
		};
		3ED4D81E1AE0DAF3008FA4D9 /* Release */ = {
			isa = XCBuildConfiguration;
			buildSettings = {
				ALWAYS_SEARCH_USER_PATHS = NO;
				CLANG_CXX_LANGUAGE_STANDARD = "gnu++0x";
				CLANG_CXX_LIBRARY = "libc++";
				CLANG_ENABLE_MODULES = YES;
				CLANG_ENABLE_OBJC_ARC = YES;
				CLANG_WARN_BOOL_CONVERSION = YES;
				CLANG_WARN_CONSTANT_CONVERSION = YES;
				CLANG_WARN_DIRECT_OBJC_ISA_USAGE = YES_ERROR;
				CLANG_WARN_EMPTY_BODY = YES;
				CLANG_WARN_ENUM_CONVERSION = YES;
				CLANG_WARN_INT_CONVERSION = YES;
				CLANG_WARN_OBJC_ROOT_CLASS = YES_ERROR;
				CLANG_WARN_UNREACHABLE_CODE = YES;
				CLANG_WARN__DUPLICATE_METHOD_MATCH = YES;
				"CODE_SIGN_IDENTITY[sdk=iphoneos*]" = "iPhone Developer";
				COPY_PHASE_STRIP = NO;
				DEBUG_INFORMATION_FORMAT = "dwarf-with-dsym";
				ENABLE_NS_ASSERTIONS = NO;
				ENABLE_STRICT_OBJC_MSGSEND = YES;
				GCC_C_LANGUAGE_STANDARD = gnu99;
				GCC_NO_COMMON_BLOCKS = YES;
				GCC_WARN_64_TO_32_BIT_CONVERSION = YES;
				GCC_WARN_ABOUT_RETURN_TYPE = YES_ERROR;
				GCC_WARN_UNDECLARED_SELECTOR = YES;
				GCC_WARN_UNINITIALIZED_AUTOS = YES_AGGRESSIVE;
				GCC_WARN_UNUSED_FUNCTION = YES;
				GCC_WARN_UNUSED_VARIABLE = YES;
				IPHONEOS_DEPLOYMENT_TARGET = 8.3;
				MTL_ENABLE_DEBUG_INFO = NO;
				SDKROOT = iphoneos;
				SWIFT_OBJC_BRIDGING_HEADER = ./SnapSwift/Header.h;
				TARGETED_DEVICE_FAMILY = "1,2";
				VALIDATE_PRODUCT = YES;
			};
			name = Release;
		};
		3ED4D8201AE0DAF3008FA4D9 /* Debug */ = {
			isa = XCBuildConfiguration;
			buildSettings = {
				ASSETCATALOG_COMPILER_APPICON_NAME = AppIcon;
				INFOPLIST_FILE = SnapSwift/Info.plist;
				LD_RUNPATH_SEARCH_PATHS = "$(inherited) @executable_path/Frameworks";
				PRODUCT_NAME = "$(TARGET_NAME)";
			};
			name = Debug;
		};
		3ED4D8211AE0DAF3008FA4D9 /* Release */ = {
			isa = XCBuildConfiguration;
			buildSettings = {
				ASSETCATALOG_COMPILER_APPICON_NAME = AppIcon;
				INFOPLIST_FILE = SnapSwift/Info.plist;
				LD_RUNPATH_SEARCH_PATHS = "$(inherited) @executable_path/Frameworks";
				PRODUCT_NAME = "$(TARGET_NAME)";
			};
			name = Release;
		};
		3ED4D8231AE0DAF3008FA4D9 /* Debug */ = {
			isa = XCBuildConfiguration;
			buildSettings = {
				BUNDLE_LOADER = "$(TEST_HOST)";
				FRAMEWORK_SEARCH_PATHS = (
					"$(SDKROOT)/Developer/Library/Frameworks",
					"$(inherited)",
				);
				GCC_PREPROCESSOR_DEFINITIONS = (
					"DEBUG=1",
					"$(inherited)",
				);
				INFOPLIST_FILE = SnapSwiftTests/Info.plist;
				LD_RUNPATH_SEARCH_PATHS = "$(inherited) @executable_path/Frameworks @loader_path/Frameworks";
				PRODUCT_NAME = "$(TARGET_NAME)";
				TEST_HOST = "$(BUILT_PRODUCTS_DIR)/SnapSwift.app/SnapSwift";
			};
			name = Debug;
		};
		3ED4D8241AE0DAF3008FA4D9 /* Release */ = {
			isa = XCBuildConfiguration;
			buildSettings = {
				BUNDLE_LOADER = "$(TEST_HOST)";
				FRAMEWORK_SEARCH_PATHS = (
					"$(SDKROOT)/Developer/Library/Frameworks",
					"$(inherited)",
				);
				INFOPLIST_FILE = SnapSwiftTests/Info.plist;
				LD_RUNPATH_SEARCH_PATHS = "$(inherited) @executable_path/Frameworks @loader_path/Frameworks";
				PRODUCT_NAME = "$(TARGET_NAME)";
				TEST_HOST = "$(BUILT_PRODUCTS_DIR)/SnapSwift.app/SnapSwift";
			};
			name = Release;
		};
/* End XCBuildConfiguration section */

/* Begin XCConfigurationList section */
		3ED4D7FB1AE0DAF3008FA4D9 /* Build configuration list for PBXProject "SnapSwift" */ = {
			isa = XCConfigurationList;
			buildConfigurations = (
				3ED4D81D1AE0DAF3008FA4D9 /* Debug */,
				3ED4D81E1AE0DAF3008FA4D9 /* Release */,
			);
			defaultConfigurationIsVisible = 0;
			defaultConfigurationName = Release;
		};
		3ED4D81F1AE0DAF3008FA4D9 /* Build configuration list for PBXNativeTarget "SnapSwift" */ = {
			isa = XCConfigurationList;
			buildConfigurations = (
				3ED4D8201AE0DAF3008FA4D9 /* Debug */,
				3ED4D8211AE0DAF3008FA4D9 /* Release */,
			);
			defaultConfigurationIsVisible = 0;
			defaultConfigurationName = Release;
		};
		3ED4D8221AE0DAF3008FA4D9 /* Build configuration list for PBXNativeTarget "SnapSwiftTests" */ = {
			isa = XCConfigurationList;
			buildConfigurations = (
				3ED4D8231AE0DAF3008FA4D9 /* Debug */,
				3ED4D8241AE0DAF3008FA4D9 /* Release */,
			);
			defaultConfigurationIsVisible = 0;
			defaultConfigurationName = Release;
		};
/* End XCConfigurationList section */
	};
	rootObject = 3ED4D7F81AE0DAF3008FA4D9 /* Project object */;
}
